
Microsoft Visual Studio Solution File, Format Version 12.00
# Visual Studio Version 17
VisualStudioVersion = 17.0.32112.339
MinimumVisualStudioVersion = 10.0.40219.1
Project("{FAE04EC0-301F-11D3-BF4B-00C04F79EFBC}") = "lab2", "lab2\lab2.csproj", "{8701DE9D-F4CD-42B0-8127-C3B218F1EE8D}"
EndProject
Global
	GlobalSection(SolutionConfigurationPlatforms) = preSolution
		Debug|Any CPU = Debug|Any CPU
		Release|Any CPU = Release|Any CPU
	EndGlobalSection
	GlobalSection(ProjectConfigurationPlatforms) = postSolution
		{8701DE9D-F4CD-42B0-8127-C3B218F1EE8D}.Debug|Any CPU.ActiveCfg = Debug|Any CPU
		{8701DE9D-F4CD-42B0-8127-C3B218F1EE8D}.Debug|Any CPU.Build.0 = Debug|Any CPU
		{8701DE9D-F4CD-42B0-8127-C3B218F1EE8D}.Release|Any CPU.ActiveCfg = Release|Any CPU
		{8701DE9D-F4CD-42B0-8127-C3B218F1EE8D}.Release|Any CPU.Build.0 = Release|Any CPU
	EndGlobalSection
	GlobalSection(SolutionProperties) = preSolution
		HideSolutionNode = FALSE
	EndGlobalSection
	GlobalSection(ExtensibilityGlobals) = postSolution
		SolutionGuid = {F438F5BE-DA8B-41C0-BB9A-E7A6E0464A0F}
	EndGlobalSection
EndGlobal
